
Microsoft Visual Studio Solution File, Format Version 12.00
# Visual Studio Version 16
VisualStudioVersion = 16.0.29009.5
MinimumVisualStudioVersion = 10.0.40219.1
Project("{FAE04EC0-301F-11D3-BF4B-00C04F79EFBC}") = "AdvertisingService", "AdvertisingService\AdvertisingService.csproj", "{7E68E674-3587-4AB3-AE21-31FE84CD6120}"
EndProject
Global
	GlobalSection(SolutionConfigurationPlatforms) = preSolution
		Debug|Any CPU = Debug|Any CPU
		Release|Any CPU = Release|Any CPU
	EndGlobalSection
	GlobalSection(ProjectConfigurationPlatforms) = postSolution
		{7E68E674-3587-4AB3-AE21-31FE84CD6120}.Debug|Any CPU.ActiveCfg = Debug|Any CPU
		{7E68E674-3587-4AB3-AE21-31FE84CD6120}.Debug|Any CPU.Build.0 = Debug|Any CPU
		{7E68E674-3587-4AB3-AE21-31FE84CD6120}.Release|Any CPU.ActiveCfg = Release|Any CPU
		{7E68E674-3587-4AB3-AE21-31FE84CD6120}.Release|Any CPU.Build.0 = Release|Any CPU
	EndGlobalSection
	GlobalSection(SolutionProperties) = preSolution
		HideSolutionNode = FALSE
	EndGlobalSection
	GlobalSection(ExtensibilityGlobals) = postSolution
		SolutionGuid = {7096B758-0353-4CD8-9FCA-022B3ED82BF9}
	EndGlobalSection
EndGlobal
